{
  "name": "assignment2",
  "version": "1.0.0",
  "lockfileVersion": 3,
  "requires": true,
  "packages": {
    "": {
      "name": "assignment2",
      "version": "1.0.0",
      "license": "ISC",
      "dependencies": {
        "highlight-within-textarea": "^2.0.5",
        "jquery": "^3.7.1"
      }
    },
    "node_modules/highlight-within-textarea": {
      "version": "2.0.5",
      "resolved": "https://registry.npmjs.org/highlight-within-textarea/-/highlight-within-textarea-2.0.5.tgz",
      "integrity": "sha512-QRoVHbnYoPB/xQVX6kS6+NCfS4QDl6jp9JIRppUQOQtwUvBI9+QxDG06WZ/socOwds1zmgU0oO9dAvmBZOgS/g=="
    },
    "node_modules/jquery": {
      "version": "3.7.1",
      "resolved": "https://registry.npmjs.org/jquery/-/jquery-3.7.1.tgz",
      "integrity": "sha512-m4avr8yL8kmFN8psrbFFFmB/If14iN5o9nw/NgnnM+kybDJpRsAynV2BsfpTYrTRysYUdADVD7CkUUizgkpLfg=="
    }
  }
}
